
Microsoft Visual Studio Solution File, Format Version 12.00
# Visual Studio Version 16
VisualStudioVersion = 16.0.28803.202
MinimumVisualStudioVersion = 10.0.40219.1
Project("{FAE04EC0-301F-11D3-BF4B-00C04F79EFBC}") = "Musik", "Musik\Musik.csproj", "{A168E7F3-2CE1-440E-B958-8E76F1E26888}"
EndProject
Global
	GlobalSection(SolutionConfigurationPlatforms) = preSolution
		Debug|Any CPU = Debug|Any CPU
		Release|Any CPU = Release|Any CPU
	EndGlobalSection
	GlobalSection(ProjectConfigurationPlatforms) = postSolution
		{A168E7F3-2CE1-440E-B958-8E76F1E26888}.Debug|Any CPU.ActiveCfg = Debug|Any CPU
		{A168E7F3-2CE1-440E-B958-8E76F1E26888}.Debug|Any CPU.Build.0 = Debug|Any CPU
		{A168E7F3-2CE1-440E-B958-8E76F1E26888}.Release|Any CPU.ActiveCfg = Release|Any CPU
		{A168E7F3-2CE1-440E-B958-8E76F1E26888}.Release|Any CPU.Build.0 = Release|Any CPU
	EndGlobalSection
	GlobalSection(SolutionProperties) = preSolution
		HideSolutionNode = FALSE
	EndGlobalSection
	GlobalSection(ExtensibilityGlobals) = postSolution
		SolutionGuid = {AD5859C8-82BC-49A3-AA10-C84596FF08DB}
	EndGlobalSection
EndGlobal
